
Microsoft Visual Studio Solution File, Format Version 12.00
# Visual Studio Version 17
VisualStudioVersion = 17.8.34511.84
MinimumVisualStudioVersion = 10.0.40219.1
Project("{FAE04EC0-301F-11D3-BF4B-00C04F79EFBC}") = "CChavezConstructorDemo", "CChavezConstructorDemo\CChavezConstructorDemo.csproj", "{EA50361D-21EF-4713-8EDB-8282F8F1DE60}"
EndProject
Global
	GlobalSection(SolutionConfigurationPlatforms) = preSolution
		Debug|Any CPU = Debug|Any CPU
		Release|Any CPU = Release|Any CPU
	EndGlobalSection
	GlobalSection(ProjectConfigurationPlatforms) = postSolution
		{EA50361D-21EF-4713-8EDB-8282F8F1DE60}.Debug|Any CPU.ActiveCfg = Debug|Any CPU
		{EA50361D-21EF-4713-8EDB-8282F8F1DE60}.Debug|Any CPU.Build.0 = Debug|Any CPU
		{EA50361D-21EF-4713-8EDB-8282F8F1DE60}.Release|Any CPU.ActiveCfg = Release|Any CPU
		{EA50361D-21EF-4713-8EDB-8282F8F1DE60}.Release|Any CPU.Build.0 = Release|Any CPU
	EndGlobalSection
	GlobalSection(SolutionProperties) = preSolution
		HideSolutionNode = FALSE
	EndGlobalSection
	GlobalSection(ExtensibilityGlobals) = postSolution
		SolutionGuid = {FCA3FB27-6C18-4A0D-A6D0-B35721504612}
	EndGlobalSection
EndGlobal
